
Microsoft Visual Studio Solution File, Format Version 12.00
# Visual Studio Version 16
VisualStudioVersion = 16.0.30320.27
MinimumVisualStudioVersion = 10.0.40219.1
Project("{9A19103F-16F7-4668-BE54-9A1E7A4F7556}") = "SlowCopy", "SlowCopy\SlowCopy.csproj", "{805E3031-F20A-4A2B-8BDF-733F69B2C148}"
EndProject
Global
	GlobalSection(SolutionConfigurationPlatforms) = preSolution
		Debug|Any CPU = Debug|Any CPU
		Release|Any CPU = Release|Any CPU
	EndGlobalSection
	GlobalSection(ProjectConfigurationPlatforms) = postSolution
		{805E3031-F20A-4A2B-8BDF-733F69B2C148}.Debug|Any CPU.ActiveCfg = Debug|Any CPU
		{805E3031-F20A-4A2B-8BDF-733F69B2C148}.Debug|Any CPU.Build.0 = Debug|Any CPU
		{805E3031-F20A-4A2B-8BDF-733F69B2C148}.Release|Any CPU.ActiveCfg = Release|Any CPU
		{805E3031-F20A-4A2B-8BDF-733F69B2C148}.Release|Any CPU.Build.0 = Release|Any CPU
	EndGlobalSection
	GlobalSection(SolutionProperties) = preSolution
		HideSolutionNode = FALSE
	EndGlobalSection
	GlobalSection(ExtensibilityGlobals) = postSolution
		SolutionGuid = {DF69D7AF-FEDA-4F9D-90C6-F6EA780E2A26}
	EndGlobalSection
EndGlobal
